{
  "originHash" : "6ea320cfdec19dfebb9688b57f6423bd07a8c74254f6413af9d40c555c061e70",
  "pins" : [
    {
      "identity" : "datetesthelpers",
      "kind" : "remoteSourceControl",
      "location" : "https://github.com/arennow/DateTestHelpers.git",
      "state" : {
        "revision" : "24be2e2c5439e80f515514f073370a4d5f933cc3",
        "version" : "0.1.1"
      }
    },
    {
      "identity" : "swift-log",
      "kind" : "remoteSourceControl",
      "location" : "https://github.com/apple/swift-log.git",
      "state" : {
        "revision" : "bbd81b6725ae874c69e9b8c8804d462356b55523",
        "version" : "1.10.1"
      }
    }
  ],
  "version" : 3
}
